
Microsoft Visual Studio Solution File, Format Version 12.00
# Visual Studio Version 16
VisualStudioVersion = 16.0.30517.126
MinimumVisualStudioVersion = 10.0.40219.1
Project("{FAE04EC0-301F-11D3-BF4B-00C04F79EFBC}") = "ForDöngüsüÖrnek4", "ForDöngüsüÖrnek4\ForDöngüsüÖrnek4.csproj", "{F2ED7D83-BFB1-4E4D-BB38-B8203F52E4F9}"
EndProject
Global
	GlobalSection(SolutionConfigurationPlatforms) = preSolution
		Debug|Any CPU = Debug|Any CPU
		Release|Any CPU = Release|Any CPU
	EndGlobalSection
	GlobalSection(ProjectConfigurationPlatforms) = postSolution
		{F2ED7D83-BFB1-4E4D-BB38-B8203F52E4F9}.Debug|Any CPU.ActiveCfg = Debug|Any CPU
		{F2ED7D83-BFB1-4E4D-BB38-B8203F52E4F9}.Debug|Any CPU.Build.0 = Debug|Any CPU
		{F2ED7D83-BFB1-4E4D-BB38-B8203F52E4F9}.Release|Any CPU.ActiveCfg = Release|Any CPU
		{F2ED7D83-BFB1-4E4D-BB38-B8203F52E4F9}.Release|Any CPU.Build.0 = Release|Any CPU
	EndGlobalSection
	GlobalSection(SolutionProperties) = preSolution
		HideSolutionNode = FALSE
	EndGlobalSection
	GlobalSection(ExtensibilityGlobals) = postSolution
		SolutionGuid = {3408D30D-FDC8-4510-BF23-79C1FCE14E42}
	EndGlobalSection
EndGlobal
