
Microsoft Visual Studio Solution File, Format Version 12.00
# Visual Studio Version 16
VisualStudioVersion = 16.0.30503.244
MinimumVisualStudioVersion = 10.0.40219.1
Project("{FAE04EC0-301F-11D3-BF4B-00C04F79EFBC}") = "İf-ElseÖrnek2", "İf-ElseÖrnek2\İf-ElseÖrnek2.csproj", "{050F3CF8-1791-4DF0-93F5-695C14722B5A}"
EndProject
Global
	GlobalSection(SolutionConfigurationPlatforms) = preSolution
		Debug|Any CPU = Debug|Any CPU
		Release|Any CPU = Release|Any CPU
	EndGlobalSection
	GlobalSection(ProjectConfigurationPlatforms) = postSolution
		{050F3CF8-1791-4DF0-93F5-695C14722B5A}.Debug|Any CPU.ActiveCfg = Debug|Any CPU
		{050F3CF8-1791-4DF0-93F5-695C14722B5A}.Debug|Any CPU.Build.0 = Debug|Any CPU
		{050F3CF8-1791-4DF0-93F5-695C14722B5A}.Release|Any CPU.ActiveCfg = Release|Any CPU
		{050F3CF8-1791-4DF0-93F5-695C14722B5A}.Release|Any CPU.Build.0 = Release|Any CPU
	EndGlobalSection
	GlobalSection(SolutionProperties) = preSolution
		HideSolutionNode = FALSE
	EndGlobalSection
	GlobalSection(ExtensibilityGlobals) = postSolution
		SolutionGuid = {3EEE62DC-A490-4D12-A402-67E43607B68E}
	EndGlobalSection
EndGlobal
