
Microsoft Visual Studio Solution File, Format Version 12.00
# Visual Studio Version 16
VisualStudioVersion = 16.0.30503.244
MinimumVisualStudioVersion = 10.0.40219.1
Project("{FAE04EC0-301F-11D3-BF4B-00C04F79EFBC}") = "WhileDöngüsüÖrnek1", "WhileDöngüsüÖrnek1\WhileDöngüsüÖrnek1.csproj", "{643494AD-130B-4631-838D-48288B34F46A}"
EndProject
Global
	GlobalSection(SolutionConfigurationPlatforms) = preSolution
		Debug|Any CPU = Debug|Any CPU
		Release|Any CPU = Release|Any CPU
	EndGlobalSection
	GlobalSection(ProjectConfigurationPlatforms) = postSolution
		{643494AD-130B-4631-838D-48288B34F46A}.Debug|Any CPU.ActiveCfg = Debug|Any CPU
		{643494AD-130B-4631-838D-48288B34F46A}.Debug|Any CPU.Build.0 = Debug|Any CPU
		{643494AD-130B-4631-838D-48288B34F46A}.Release|Any CPU.ActiveCfg = Release|Any CPU
		{643494AD-130B-4631-838D-48288B34F46A}.Release|Any CPU.Build.0 = Release|Any CPU
	EndGlobalSection
	GlobalSection(SolutionProperties) = preSolution
		HideSolutionNode = FALSE
	EndGlobalSection
	GlobalSection(ExtensibilityGlobals) = postSolution
		SolutionGuid = {D8D89235-0CC6-40B2-ACDC-D6D682C61813}
	EndGlobalSection
EndGlobal
