
Microsoft Visual Studio Solution File, Format Version 12.00
# Visual Studio Version 16
VisualStudioVersion = 16.0.30517.126
MinimumVisualStudioVersion = 10.0.40219.1
Project("{FAE04EC0-301F-11D3-BF4B-00C04F79EFBC}") = "DiziÖrnek7(Array.IndexOf ve LastIndexOf)", "DiziÖrnek7(Array.IndexOf ve LastIndexOf)\DiziÖrnek7(Array.IndexOf ve LastIndexOf).csproj", "{EF30C0C9-C2F6-4F5E-9ED1-DA0C6326530F}"
EndProject
Global
	GlobalSection(SolutionConfigurationPlatforms) = preSolution
		Debug|Any CPU = Debug|Any CPU
		Release|Any CPU = Release|Any CPU
	EndGlobalSection
	GlobalSection(ProjectConfigurationPlatforms) = postSolution
		{EF30C0C9-C2F6-4F5E-9ED1-DA0C6326530F}.Debug|Any CPU.ActiveCfg = Debug|Any CPU
		{EF30C0C9-C2F6-4F5E-9ED1-DA0C6326530F}.Debug|Any CPU.Build.0 = Debug|Any CPU
		{EF30C0C9-C2F6-4F5E-9ED1-DA0C6326530F}.Release|Any CPU.ActiveCfg = Release|Any CPU
		{EF30C0C9-C2F6-4F5E-9ED1-DA0C6326530F}.Release|Any CPU.Build.0 = Release|Any CPU
	EndGlobalSection
	GlobalSection(SolutionProperties) = preSolution
		HideSolutionNode = FALSE
	EndGlobalSection
	GlobalSection(ExtensibilityGlobals) = postSolution
		SolutionGuid = {06003A5B-73FA-4296-84A9-2516F2781198}
	EndGlobalSection
EndGlobal
