
Microsoft Visual Studio Solution File, Format Version 12.00
# Visual Studio Version 16
VisualStudioVersion = 16.0.30517.126
MinimumVisualStudioVersion = 10.0.40219.1
Project("{FAE04EC0-301F-11D3-BF4B-00C04F79EFBC}") = "DizinÖrnek5(ArrayList.Sort ve Lenght Yönetemi)", "DizinÖrnek5(ArrayList.Sort ve Lenght Yönetemi)\DizinÖrnek5(ArrayList.Sort ve Lenght Yönetemi).csproj", "{1D2FA7A5-E211-49BA-80C7-343F176E6607}"
EndProject
Global
	GlobalSection(SolutionConfigurationPlatforms) = preSolution
		Debug|Any CPU = Debug|Any CPU
		Release|Any CPU = Release|Any CPU
	EndGlobalSection
	GlobalSection(ProjectConfigurationPlatforms) = postSolution
		{1D2FA7A5-E211-49BA-80C7-343F176E6607}.Debug|Any CPU.ActiveCfg = Debug|Any CPU
		{1D2FA7A5-E211-49BA-80C7-343F176E6607}.Debug|Any CPU.Build.0 = Debug|Any CPU
		{1D2FA7A5-E211-49BA-80C7-343F176E6607}.Release|Any CPU.ActiveCfg = Release|Any CPU
		{1D2FA7A5-E211-49BA-80C7-343F176E6607}.Release|Any CPU.Build.0 = Release|Any CPU
	EndGlobalSection
	GlobalSection(SolutionProperties) = preSolution
		HideSolutionNode = FALSE
	EndGlobalSection
	GlobalSection(ExtensibilityGlobals) = postSolution
		SolutionGuid = {3B8D3937-7967-443C-939C-CFC7DC051832}
	EndGlobalSection
EndGlobal
