
Microsoft Visual Studio Solution File, Format Version 12.00
# Visual Studio Version 16
VisualStudioVersion = 16.0.30517.126
MinimumVisualStudioVersion = 10.0.40219.1
Project("{FAE04EC0-301F-11D3-BF4B-00C04F79EFBC}") = "ForDöngüsüÖrnek2", "ForDöngüsüÖrnek2\ForDöngüsüÖrnek2.csproj", "{65B68AFB-0189-4A76-845B-E6DA9DC7EE2B}"
EndProject
Global
	GlobalSection(SolutionConfigurationPlatforms) = preSolution
		Debug|Any CPU = Debug|Any CPU
		Release|Any CPU = Release|Any CPU
	EndGlobalSection
	GlobalSection(ProjectConfigurationPlatforms) = postSolution
		{65B68AFB-0189-4A76-845B-E6DA9DC7EE2B}.Debug|Any CPU.ActiveCfg = Debug|Any CPU
		{65B68AFB-0189-4A76-845B-E6DA9DC7EE2B}.Debug|Any CPU.Build.0 = Debug|Any CPU
		{65B68AFB-0189-4A76-845B-E6DA9DC7EE2B}.Release|Any CPU.ActiveCfg = Release|Any CPU
		{65B68AFB-0189-4A76-845B-E6DA9DC7EE2B}.Release|Any CPU.Build.0 = Release|Any CPU
	EndGlobalSection
	GlobalSection(SolutionProperties) = preSolution
		HideSolutionNode = FALSE
	EndGlobalSection
	GlobalSection(ExtensibilityGlobals) = postSolution
		SolutionGuid = {1F9B51CF-B7EE-407D-9B3D-DE20A18FDCDC}
	EndGlobalSection
EndGlobal
