
Microsoft Visual Studio Solution File, Format Version 12.00
# Visual Studio Version 16
VisualStudioVersion = 16.0.30517.126
MinimumVisualStudioVersion = 10.0.40219.1
Project("{FAE04EC0-301F-11D3-BF4B-00C04F79EFBC}") = "Dizi(Arrays)", "Dizi(Arrays)\Dizi(Arrays).csproj", "{33370B35-7FF4-4085-A828-D8BCE45890D0}"
EndProject
Global
	GlobalSection(SolutionConfigurationPlatforms) = preSolution
		Debug|Any CPU = Debug|Any CPU
		Release|Any CPU = Release|Any CPU
	EndGlobalSection
	GlobalSection(ProjectConfigurationPlatforms) = postSolution
		{33370B35-7FF4-4085-A828-D8BCE45890D0}.Debug|Any CPU.ActiveCfg = Debug|Any CPU
		{33370B35-7FF4-4085-A828-D8BCE45890D0}.Debug|Any CPU.Build.0 = Debug|Any CPU
		{33370B35-7FF4-4085-A828-D8BCE45890D0}.Release|Any CPU.ActiveCfg = Release|Any CPU
		{33370B35-7FF4-4085-A828-D8BCE45890D0}.Release|Any CPU.Build.0 = Release|Any CPU
	EndGlobalSection
	GlobalSection(SolutionProperties) = preSolution
		HideSolutionNode = FALSE
	EndGlobalSection
	GlobalSection(ExtensibilityGlobals) = postSolution
		SolutionGuid = {2E432349-521F-4603-AAB9-2C3404E2665D}
	EndGlobalSection
EndGlobal
