
Microsoft Visual Studio Solution File, Format Version 12.00
# Visual Studio Version 16
VisualStudioVersion = 16.0.30503.244
MinimumVisualStudioVersion = 10.0.40219.1
Project("{FAE04EC0-301F-11D3-BF4B-00C04F79EFBC}") = "WhileDöngüsüÖrnek4", "WhileDöngüsüÖrnek4\WhileDöngüsüÖrnek4.csproj", "{1EC34ADA-B72F-404D-9312-AFCD60C43ACD}"
EndProject
Global
	GlobalSection(SolutionConfigurationPlatforms) = preSolution
		Debug|Any CPU = Debug|Any CPU
		Release|Any CPU = Release|Any CPU
	EndGlobalSection
	GlobalSection(ProjectConfigurationPlatforms) = postSolution
		{1EC34ADA-B72F-404D-9312-AFCD60C43ACD}.Debug|Any CPU.ActiveCfg = Debug|Any CPU
		{1EC34ADA-B72F-404D-9312-AFCD60C43ACD}.Debug|Any CPU.Build.0 = Debug|Any CPU
		{1EC34ADA-B72F-404D-9312-AFCD60C43ACD}.Release|Any CPU.ActiveCfg = Release|Any CPU
		{1EC34ADA-B72F-404D-9312-AFCD60C43ACD}.Release|Any CPU.Build.0 = Release|Any CPU
	EndGlobalSection
	GlobalSection(SolutionProperties) = preSolution
		HideSolutionNode = FALSE
	EndGlobalSection
	GlobalSection(ExtensibilityGlobals) = postSolution
		SolutionGuid = {BC7CEA3A-6A89-4A1E-877B-5E79874A473F}
	EndGlobalSection
EndGlobal
